
Microsoft Visual Studio Solution File, Format Version 12.00
# Visual Studio 15
VisualStudioVersion = 15.0.26730.15
MinimumVisualStudioVersion = 10.0.40219.1
Project("{FAE04EC0-301F-11D3-BF4B-00C04F79EFBC}") = "Aufgabe1-Project1", "Aufgabe1-Project1\Aufgabe1-Project1.csproj", "{8742D3FB-F155-4503-A09B-DCDF7419222A}"
EndProject
Global
	GlobalSection(SolutionConfigurationPlatforms) = preSolution
		Debug|Any CPU = Debug|Any CPU
		Release|Any CPU = Release|Any CPU
	EndGlobalSection
	GlobalSection(ProjectConfigurationPlatforms) = postSolution
		{8742D3FB-F155-4503-A09B-DCDF7419222A}.Debug|Any CPU.ActiveCfg = Debug|Any CPU
		{8742D3FB-F155-4503-A09B-DCDF7419222A}.Debug|Any CPU.Build.0 = Debug|Any CPU
		{8742D3FB-F155-4503-A09B-DCDF7419222A}.Release|Any CPU.ActiveCfg = Release|Any CPU
		{8742D3FB-F155-4503-A09B-DCDF7419222A}.Release|Any CPU.Build.0 = Release|Any CPU
	EndGlobalSection
	GlobalSection(SolutionProperties) = preSolution
		HideSolutionNode = FALSE
	EndGlobalSection
	GlobalSection(ExtensibilityGlobals) = postSolution
		SolutionGuid = {1E494206-4722-42F0-9044-71A6663F11A4}
	EndGlobalSection
EndGlobal
